// !$*UTF8*$!
{
	archiveVersion = 1;
	classes = {
	};
	objectVersion = 46;
	objects = {

/* Begin PBXBuildFile section */
		396910BA1F0E855E00EF6D52 /* BaseTableViewController.m in Sources */ = {isa = PBXBuildFile; fileRef = 396910AD1F0E855E00EF6D52 /* BaseTableViewController.m */; };
		396910BB1F0E855E00EF6D52 /* BaseViewController.m in Sources */ = {isa = PBXBuildFile; fileRef = 396910AF1F0E855E00EF6D52 /* BaseViewController.m */; };
		396910BC1F0E855E00EF6D52 /* NaviController.m in Sources */ = {isa = PBXBuildFile; fileRef = 396910B11F0E855E00EF6D52 /* NaviController.m */; };
		396910BD1F0E855E00EF6D52 /* TabbarController.m in Sources */ = {isa = PBXBuildFile; fileRef = 396910B31F0E855E00EF6D52 /* TabbarController.m */; };
		396910BE1F0E855E00EF6D52 /* ZZPagerController.m in Sources */ = {isa = PBXBuildFile; fileRef = 396910B61F0E855E00EF6D52 /* ZZPagerController.m */; };
		396910BF1F0E855E00EF6D52 /* ZZHttpTool.m in Sources */ = {isa = PBXBuildFile; fileRef = 396910B91F0E855E00EF6D52 /* ZZHttpTool.m */; };
		396910C61F0E864200EF6D52 /* HomeRootViewController.m in Sources */ = {isa = PBXBuildFile; fileRef = 396910C51F0E864200EF6D52 /* HomeRootViewController.m */; };
		396910C91F0E86EE00EF6D52 /* HomeStoryViewController.m in Sources */ = {isa = PBXBuildFile; fileRef = 396910C81F0E86EE00EF6D52 /* HomeStoryViewController.m */; };
		396910CC1F0E870200EF6D52 /* HomeTeamViewController.m in Sources */ = {isa = PBXBuildFile; fileRef = 396910CB1F0E870200EF6D52 /* HomeTeamViewController.m */; };
		3971BC091F0E7047004016C2 /* main.m in Sources */ = {isa = PBXBuildFile; fileRef = 3971BC081F0E7047004016C2 /* main.m */; };
		3971BC0C1F0E7047004016C2 /* AppDelegate.m in Sources */ = {isa = PBXBuildFile; fileRef = 3971BC0B1F0E7047004016C2 /* AppDelegate.m */; };
		3971BC121F0E7047004016C2 /* Main.storyboard in Resources */ = {isa = PBXBuildFile; fileRef = 3971BC101F0E7047004016C2 /* Main.storyboard */; };
		3971BC141F0E7047004016C2 /* Assets.xcassets in Resources */ = {isa = PBXBuildFile; fileRef = 3971BC131F0E7047004016C2 /* Assets.xcassets */; };
		3971BC171F0E7047004016C2 /* LaunchScreen.storyboard in Resources */ = {isa = PBXBuildFile; fileRef = 3971BC151F0E7047004016C2 /* LaunchScreen.storyboard */; };
/* End PBXBuildFile section */

/* Begin PBXFileReference section */
		396910AC1F0E855E00EF6D52 /* BaseTableViewController.h */ = {isa = PBXFileReference; fileEncoding = 4; lastKnownFileType = sourcecode.c.h; path = BaseTableViewController.h; sourceTree = "<group>"; };
		396910AD1F0E855E00EF6D52 /* BaseTableViewController.m */ = {isa = PBXFileReference; fileEncoding = 4; lastKnownFileType = sourcecode.c.objc; path = BaseTableViewController.m; sourceTree = "<group>"; };
		396910AE1F0E855E00EF6D52 /* BaseViewController.h */ = {isa = PBXFileReference; fileEncoding = 4; lastKnownFileType = sourcecode.c.h; path = BaseViewController.h; sourceTree = "<group>"; };
		396910AF1F0E855E00EF6D52 /* BaseViewController.m */ = {isa = PBXFileReference; fileEncoding = 4; lastKnownFileType = sourcecode.c.objc; path = BaseViewController.m; sourceTree = "<group>"; };
		396910B01F0E855E00EF6D52 /* NaviController.h */ = {isa = PBXFileReference; fileEncoding = 4; lastKnownFileType = sourcecode.c.h; path = NaviController.h; sourceTree = "<group>"; };
		396910B11F0E855E00EF6D52 /* NaviController.m */ = {isa = PBXFileReference; fileEncoding = 4; lastKnownFileType = sourcecode.c.objc; path = NaviController.m; sourceTree = "<group>"; };
		396910B21F0E855E00EF6D52 /* TabbarController.h */ = {isa = PBXFileReference; fileEncoding = 4; lastKnownFileType = sourcecode.c.h; path = TabbarController.h; sourceTree = "<group>"; };
		396910B31F0E855E00EF6D52 /* TabbarController.m */ = {isa = PBXFileReference; fileEncoding = 4; lastKnownFileType = sourcecode.c.objc; path = TabbarController.m; sourceTree = "<group>"; };
		396910B51F0E855E00EF6D52 /* ZZPagerController.h */ = {isa = PBXFileReference; fileEncoding = 4; lastKnownFileType = sourcecode.c.h; path = ZZPagerController.h; sourceTree = "<group>"; };
		396910B61F0E855E00EF6D52 /* ZZPagerController.m */ = {isa = PBXFileReference; fileEncoding = 4; lastKnownFileType = sourcecode.c.objc; path = ZZPagerController.m; sourceTree = "<group>"; };
		396910B81F0E855E00EF6D52 /* ZZHttpTool.h */ = {isa = PBXFileReference; fileEncoding = 4; lastKnownFileType = sourcecode.c.h; path = ZZHttpTool.h; sourceTree = "<group>"; };
		396910B91F0E855E00EF6D52 /* ZZHttpTool.m */ = {isa = PBXFileReference; fileEncoding = 4; lastKnownFileType = sourcecode.c.objc; path = ZZHttpTool.m; sourceTree = "<group>"; };
		396910C41F0E864200EF6D52 /* HomeRootViewController.h */ = {isa = PBXFileReference; fileEncoding = 4; lastKnownFileType = sourcecode.c.h; path = HomeRootViewController.h; sourceTree = "<group>"; };
		396910C51F0E864200EF6D52 /* HomeRootViewController.m */ = {isa = PBXFileReference; fileEncoding = 4; lastKnownFileType = sourcecode.c.objc; path = HomeRootViewController.m; sourceTree = "<group>"; };
		396910C71F0E86EE00EF6D52 /* HomeStoryViewController.h */ = {isa = PBXFileReference; fileEncoding = 4; lastKnownFileType = sourcecode.c.h; path = HomeStoryViewController.h; sourceTree = "<group>"; };
		396910C81F0E86EE00EF6D52 /* HomeStoryViewController.m */ = {isa = PBXFileReference; fileEncoding = 4; lastKnownFileType = sourcecode.c.objc; path = HomeStoryViewController.m; sourceTree = "<group>"; };
		396910CA1F0E870200EF6D52 /* HomeTeamViewController.h */ = {isa = PBXFileReference; fileEncoding = 4; lastKnownFileType = sourcecode.c.h; path = HomeTeamViewController.h; sourceTree = "<group>"; };
		396910CB1F0E870200EF6D52 /* HomeTeamViewController.m */ = {isa = PBXFileReference; fileEncoding = 4; lastKnownFileType = sourcecode.c.objc; path = HomeTeamViewController.m; sourceTree = "<group>"; };
		3971BC041F0E7047004016C2 /* yangsheng.app */ = {isa = PBXFileReference; explicitFileType = wrapper.application; includeInIndex = 0; path = yangsheng.app; sourceTree = BUILT_PRODUCTS_DIR; };
		3971BC081F0E7047004016C2 /* main.m */ = {isa = PBXFileReference; lastKnownFileType = sourcecode.c.objc; path = main.m; sourceTree = "<group>"; };
		3971BC0A1F0E7047004016C2 /* AppDelegate.h */ = {isa = PBXFileReference; lastKnownFileType = sourcecode.c.h; path = AppDelegate.h; sourceTree = "<group>"; };
		3971BC0B1F0E7047004016C2 /* AppDelegate.m */ = {isa = PBXFileReference; lastKnownFileType = sourcecode.c.objc; path = AppDelegate.m; sourceTree = "<group>"; };
		3971BC111F0E7047004016C2 /* Base */ = {isa = PBXFileReference; lastKnownFileType = file.storyboard; name = Base; path = Base.lproj/Main.storyboard; sourceTree = "<group>"; };
		3971BC131F0E7047004016C2 /* Assets.xcassets */ = {isa = PBXFileReference; lastKnownFileType = folder.assetcatalog; path = Assets.xcassets; sourceTree = "<group>"; };
		3971BC161F0E7047004016C2 /* Base */ = {isa = PBXFileReference; lastKnownFileType = file.storyboard; name = Base; path = Base.lproj/LaunchScreen.storyboard; sourceTree = "<group>"; };
		3971BC181F0E7047004016C2 /* Info.plist */ = {isa = PBXFileReference; lastKnownFileType = text.plist.xml; path = Info.plist; sourceTree = "<group>"; };
		3971BC2F1F0E7A07004016C2 /* PrefixHeader.pch */ = {isa = PBXFileReference; fileEncoding = 4; lastKnownFileType = sourcecode.c.h; path = PrefixHeader.pch; sourceTree = "<group>"; };
/* End PBXFileReference section */

/* Begin PBXFrameworksBuildPhase section */
		3971BC011F0E7047004016C2 /* Frameworks */ = {
			isa = PBXFrameworksBuildPhase;
			buildActionMask = 2147483647;
			files = (
			);
			runOnlyForDeploymentPostprocessing = 0;
		};
/* End PBXFrameworksBuildPhase section */

/* Begin PBXGroup section */
		396910AA1F0E855E00EF6D52 /* classes */ = {
			isa = PBXGroup;
			children = (
				396910C31F0E85A900EF6D52 /* personal */,
				396910C21F0E859900EF6D52 /* classroom */,
				396910C11F0E858E00EF6D52 /* store */,
				396910C01F0E858500EF6D52 /* home */,
				396910AB1F0E855E00EF6D52 /* base */,
				396910B41F0E855E00EF6D52 /* custom */,
				396910B71F0E855E00EF6D52 /* tool */,
			);
			path = classes;
			sourceTree = "<group>";
		};
		396910AB1F0E855E00EF6D52 /* base */ = {
			isa = PBXGroup;
			children = (
				396910AC1F0E855E00EF6D52 /* BaseTableViewController.h */,
				396910AD1F0E855E00EF6D52 /* BaseTableViewController.m */,
				396910AE1F0E855E00EF6D52 /* BaseViewController.h */,
				396910AF1F0E855E00EF6D52 /* BaseViewController.m */,
				396910B01F0E855E00EF6D52 /* NaviController.h */,
				396910B11F0E855E00EF6D52 /* NaviController.m */,
				396910B21F0E855E00EF6D52 /* TabbarController.h */,
				396910B31F0E855E00EF6D52 /* TabbarController.m */,
			);
			path = base;
			sourceTree = "<group>";
		};
		396910B41F0E855E00EF6D52 /* custom */ = {
			isa = PBXGroup;
			children = (
				396910B51F0E855E00EF6D52 /* ZZPagerController.h */,
				396910B61F0E855E00EF6D52 /* ZZPagerController.m */,
			);
			path = custom;
			sourceTree = "<group>";
		};
		396910B71F0E855E00EF6D52 /* tool */ = {
			isa = PBXGroup;
			children = (
				396910B81F0E855E00EF6D52 /* ZZHttpTool.h */,
				396910B91F0E855E00EF6D52 /* ZZHttpTool.m */,
			);
			path = tool;
			sourceTree = "<group>";
		};
		396910C01F0E858500EF6D52 /* home */ = {
			isa = PBXGroup;
			children = (
				396910C41F0E864200EF6D52 /* HomeRootViewController.h */,
				396910C51F0E864200EF6D52 /* HomeRootViewController.m */,
				396910C71F0E86EE00EF6D52 /* HomeStoryViewController.h */,
				396910C81F0E86EE00EF6D52 /* HomeStoryViewController.m */,
				396910CA1F0E870200EF6D52 /* HomeTeamViewController.h */,
				396910CB1F0E870200EF6D52 /* HomeTeamViewController.m */,
			);
			path = home;
			sourceTree = "<group>";
		};
		396910C11F0E858E00EF6D52 /* store */ = {
			isa = PBXGroup;
			children = (
			);
			path = store;
			sourceTree = "<group>";
		};
		396910C21F0E859900EF6D52 /* classroom */ = {
			isa = PBXGroup;
			children = (
			);
			path = classroom;
			sourceTree = "<group>";
		};
		396910C31F0E85A900EF6D52 /* personal */ = {
			isa = PBXGroup;
			children = (
			);
			path = personal;
			sourceTree = "<group>";
		};
		3971BBFB1F0E7047004016C2 = {
			isa = PBXGroup;
			children = (
				3971BC061F0E7047004016C2 /* yangsheng */,
				3971BC051F0E7047004016C2 /* Products */,
			);
			sourceTree = "<group>";
		};
		3971BC051F0E7047004016C2 /* Products */ = {
			isa = PBXGroup;
			children = (
				3971BC041F0E7047004016C2 /* yangsheng.app */,
			);
			name = Products;
			sourceTree = "<group>";
		};
		3971BC061F0E7047004016C2 /* yangsheng */ = {
			isa = PBXGroup;
			children = (
				396910AA1F0E855E00EF6D52 /* classes */,
				3971BC2F1F0E7A07004016C2 /* PrefixHeader.pch */,
				3971BC081F0E7047004016C2 /* main.m */,
				3971BC0A1F0E7047004016C2 /* AppDelegate.h */,
				3971BC0B1F0E7047004016C2 /* AppDelegate.m */,
				3971BC101F0E7047004016C2 /* Main.storyboard */,
				3971BC131F0E7047004016C2 /* Assets.xcassets */,
				3971BC151F0E7047004016C2 /* LaunchScreen.storyboard */,
				3971BC181F0E7047004016C2 /* Info.plist */,
			);
			path = yangsheng;
			sourceTree = "<group>";
		};
/* End PBXGroup section */

/* Begin PBXNativeTarget section */
		3971BC031F0E7047004016C2 /* yangsheng */ = {
			isa = PBXNativeTarget;
			buildConfigurationList = 3971BC1B1F0E7047004016C2 /* Build configuration list for PBXNativeTarget "yangsheng" */;
			buildPhases = (
				3971BC001F0E7047004016C2 /* Sources */,
				3971BC011F0E7047004016C2 /* Frameworks */,
				3971BC021F0E7047004016C2 /* Resources */,
			);
			buildRules = (
			);
			dependencies = (
			);
			name = yangsheng;
			productName = yangsheng;
			productReference = 3971BC041F0E7047004016C2 /* yangsheng.app */;
			productType = "com.apple.product-type.application";
		};
/* End PBXNativeTarget section */

/* Begin PBXProject section */
		3971BBFC1F0E7047004016C2 /* Project object */ = {
			isa = PBXProject;
			attributes = {
				LastUpgradeCheck = 0720;
				ORGANIZATIONNAME = jam;
				TargetAttributes = {
					3971BC031F0E7047004016C2 = {
						CreatedOnToolsVersion = 7.2.1;
					};
				};
			};
			buildConfigurationList = 3971BBFF1F0E7047004016C2 /* Build configuration list for PBXProject "yangsheng" */;
			compatibilityVersion = "Xcode 3.2";
			developmentRegion = English;
			hasScannedForEncodings = 0;
			knownRegions = (
				en,
				Base,
			);
			mainGroup = 3971BBFB1F0E7047004016C2;
			productRefGroup = 3971BC051F0E7047004016C2 /* Products */;
			projectDirPath = "";
			projectRoot = "";
			targets = (
				3971BC031F0E7047004016C2 /* yangsheng */,
			);
		};
/* End PBXProject section */

/* Begin PBXResourcesBuildPhase section */
		3971BC021F0E7047004016C2 /* Resources */ = {
			isa = PBXResourcesBuildPhase;
			buildActionMask = 2147483647;
			files = (
				3971BC171F0E7047004016C2 /* LaunchScreen.storyboard in Resources */,
				3971BC141F0E7047004016C2 /* Assets.xcassets in Resources */,
				3971BC121F0E7047004016C2 /* Main.storyboard in Resources */,
			);
			runOnlyForDeploymentPostprocessing = 0;
		};
/* End PBXResourcesBuildPhase section */

/* Begin PBXSourcesBuildPhase section */
		3971BC001F0E7047004016C2 /* Sources */ = {
			isa = PBXSourcesBuildPhase;
			buildActionMask = 2147483647;
			files = (
				396910C61F0E864200EF6D52 /* HomeRootViewController.m in Sources */,
				3971BC0C1F0E7047004016C2 /* AppDelegate.m in Sources */,
				396910BF1F0E855E00EF6D52 /* ZZHttpTool.m in Sources */,
				396910BB1F0E855E00EF6D52 /* BaseViewController.m in Sources */,
				396910BA1F0E855E00EF6D52 /* BaseTableViewController.m in Sources */,
				396910BE1F0E855E00EF6D52 /* ZZPagerController.m in Sources */,
				3971BC091F0E7047004016C2 /* main.m in Sources */,
				396910BC1F0E855E00EF6D52 /* NaviController.m in Sources */,
				396910BD1F0E855E00EF6D52 /* TabbarController.m in Sources */,
				396910CC1F0E870200EF6D52 /* HomeTeamViewController.m in Sources */,
				396910C91F0E86EE00EF6D52 /* HomeStoryViewController.m in Sources */,
			);
			runOnlyForDeploymentPostprocessing = 0;
		};
/* End PBXSourcesBuildPhase section */

/* Begin PBXVariantGroup section */
		3971BC101F0E7047004016C2 /* Main.storyboard */ = {
			isa = PBXVariantGroup;
			children = (
				3971BC111F0E7047004016C2 /* Base */,
			);
			name = Main.storyboard;
			sourceTree = "<group>";
		};
		3971BC151F0E7047004016C2 /* LaunchScreen.storyboard */ = {
			isa = PBXVariantGroup;
			children = (
				3971BC161F0E7047004016C2 /* Base */,
			);
			name = LaunchScreen.storyboard;
			sourceTree = "<group>";
		};
/* End PBXVariantGroup section */

/* Begin XCBuildConfiguration section */
		3971BC191F0E7047004016C2 /* Debug */ = {
			isa = XCBuildConfiguration;
			buildSettings = {
				ALWAYS_SEARCH_USER_PATHS = NO;
				CLANG_CXX_LANGUAGE_STANDARD = "gnu++0x";
				CLANG_CXX_LIBRARY = "libc++";
				CLANG_ENABLE_MODULES = YES;
				CLANG_ENABLE_OBJC_ARC = YES;
				CLANG_WARN_BOOL_CONVERSION = YES;
				CLANG_WARN_CONSTANT_CONVERSION = YES;
				CLANG_WARN_DIRECT_OBJC_ISA_USAGE = YES_ERROR;
				CLANG_WARN_EMPTY_BODY = YES;
				CLANG_WARN_ENUM_CONVERSION = YES;
				CLANG_WARN_INT_CONVERSION = YES;
				CLANG_WARN_OBJC_ROOT_CLASS = YES_ERROR;
				CLANG_WARN_UNREACHABLE_CODE = YES;
				CLANG_WARN__DUPLICATE_METHOD_MATCH = YES;
				"CODE_SIGN_IDENTITY[sdk=iphoneos*]" = "iPhone Developer";
				COPY_PHASE_STRIP = NO;
				DEBUG_INFORMATION_FORMAT = dwarf;
				ENABLE_STRICT_OBJC_MSGSEND = YES;
				ENABLE_TESTABILITY = YES;
				GCC_C_LANGUAGE_STANDARD = gnu99;
				GCC_DYNAMIC_NO_PIC = NO;
				GCC_NO_COMMON_BLOCKS = YES;
				GCC_OPTIMIZATION_LEVEL = 0;
				GCC_PREPROCESSOR_DEFINITIONS = (
					"DEBUG=1",
					"$(inherited)",
				);
				GCC_WARN_64_TO_32_BIT_CONVERSION = YES;
				GCC_WARN_ABOUT_RETURN_TYPE = YES_ERROR;
				GCC_WARN_UNDECLARED_SELECTOR = YES;
				GCC_WARN_UNINITIALIZED_AUTOS = YES_AGGRESSIVE;
				GCC_WARN_UNUSED_FUNCTION = YES;
				GCC_WARN_UNUSED_VARIABLE = YES;
				IPHONEOS_DEPLOYMENT_TARGET = 9.2;
				MTL_ENABLE_DEBUG_INFO = YES;
				ONLY_ACTIVE_ARCH = YES;
				SDKROOT = iphoneos;
			};
			name = Debug;
		};
		3971BC1A1F0E7047004016C2 /* Release */ = {
			isa = XCBuildConfiguration;
			buildSettings = {
				ALWAYS_SEARCH_USER_PATHS = NO;
				CLANG_CXX_LANGUAGE_STANDARD = "gnu++0x";
				CLANG_CXX_LIBRARY = "libc++";
				CLANG_ENABLE_MODULES = YES;
				CLANG_ENABLE_OBJC_ARC = YES;
				CLANG_WARN_BOOL_CONVERSION = YES;
				CLANG_WARN_CONSTANT_CONVERSION = YES;
				CLANG_WARN_DIRECT_OBJC_ISA_USAGE = YES_ERROR;
				CLANG_WARN_EMPTY_BODY = YES;
				CLANG_WARN_ENUM_CONVERSION = YES;
				CLANG_WARN_INT_CONVERSION = YES;
				CLANG_WARN_OBJC_ROOT_CLASS = YES_ERROR;
				CLANG_WARN_UNREACHABLE_CODE = YES;
				CLANG_WARN__DUPLICATE_METHOD_MATCH = YES;
				"CODE_SIGN_IDENTITY[sdk=iphoneos*]" = "iPhone Developer";
				COPY_PHASE_STRIP = NO;
				DEBUG_INFORMATION_FORMAT = "dwarf-with-dsym";
				ENABLE_NS_ASSERTIONS = NO;
				ENABLE_STRICT_OBJC_MSGSEND = YES;
				GCC_C_LANGUAGE_STANDARD = gnu99;
				GCC_NO_COMMON_BLOCKS = YES;
				GCC_WARN_64_TO_32_BIT_CONVERSION = YES;
				GCC_WARN_ABOUT_RETURN_TYPE = YES_ERROR;
				GCC_WARN_UNDECLARED_SELECTOR = YES;
				GCC_WARN_UNINITIALIZED_AUTOS = YES_AGGRESSIVE;
				GCC_WARN_UNUSED_FUNCTION = YES;
				GCC_WARN_UNUSED_VARIABLE = YES;
				IPHONEOS_DEPLOYMENT_TARGET = 9.2;
				MTL_ENABLE_DEBUG_INFO = NO;
				SDKROOT = iphoneos;
				VALIDATE_PRODUCT = YES;
			};
			name = Release;
		};
		3971BC1C1F0E7047004016C2 /* Debug */ = {
			isa = XCBuildConfiguration;
			buildSettings = {
				ASSETCATALOG_COMPILER_APPICON_NAME = AppIcon;
				GCC_PRECOMPILE_PREFIX_HEADER = YES;
				GCC_PREFIX_HEADER = "$(SRCROOT)/yangsheng/PrefixHeader.pch";
				INFOPLIST_FILE = yangsheng/Info.plist;
				LD_RUNPATH_SEARCH_PATHS = "$(inherited) @executable_path/Frameworks";
				PRODUCT_BUNDLE_IDENTIFIER = com.bangju.yangsheng;
				PRODUCT_NAME = "$(TARGET_NAME)";
			};
			name = Debug;
		};
		3971BC1D1F0E7047004016C2 /* Release */ = {
			isa = XCBuildConfiguration;
			buildSettings = {
				ASSETCATALOG_COMPILER_APPICON_NAME = AppIcon;
				GCC_PRECOMPILE_PREFIX_HEADER = YES;
				GCC_PREFIX_HEADER = "$(SRCROOT)/yangsheng/PrefixHeader.pch";
				INFOPLIST_FILE = yangsheng/Info.plist;
				LD_RUNPATH_SEARCH_PATHS = "$(inherited) @executable_path/Frameworks";
				PRODUCT_BUNDLE_IDENTIFIER = com.bangju.yangsheng;
				PRODUCT_NAME = "$(TARGET_NAME)";
			};
			name = Release;
		};
/* End XCBuildConfiguration section */

/* Begin XCConfigurationList section */
		3971BBFF1F0E7047004016C2 /* Build configuration list for PBXProject "yangsheng" */ = {
			isa = XCConfigurationList;
			buildConfigurations = (
				3971BC191F0E7047004016C2 /* Debug */,
				3971BC1A1F0E7047004016C2 /* Release */,
			);
			defaultConfigurationIsVisible = 0;
			defaultConfigurationName = Release;
		};
		3971BC1B1F0E7047004016C2 /* Build configuration list for PBXNativeTarget "yangsheng" */ = {
			isa = XCConfigurationList;
			buildConfigurations = (
				3971BC1C1F0E7047004016C2 /* Debug */,
				3971BC1D1F0E7047004016C2 /* Release */,
			);
			defaultConfigurationIsVisible = 0;
			defaultConfigurationName = Release;
		};
/* End XCConfigurationList section */
	};
	rootObject = 3971BBFC1F0E7047004016C2 /* Project object */;
}
