// !$*UTF8*$!
{
	archiveVersion = 1;
	classes = {
	};
	objectVersion = 46;
	objects = {

/* Begin PBXBuildFile section */
		396910BA1F0E855E00EF6D52 /* BaseTableViewController.m in Sources */ = {isa = PBXBuildFile; fileRef = 396910AD1F0E855E00EF6D52 /* BaseTableViewController.m */; };
		396910BB1F0E855E00EF6D52 /* BaseViewController.m in Sources */ = {isa = PBXBuildFile; fileRef = 396910AF1F0E855E00EF6D52 /* BaseViewController.m */; };
		396910BC1F0E855E00EF6D52 /* NaviController.m in Sources */ = {isa = PBXBuildFile; fileRef = 396910B11F0E855E00EF6D52 /* NaviController.m */; };
		396910BD1F0E855E00EF6D52 /* TabbarController.m in Sources */ = {isa = PBXBuildFile; fileRef = 396910B31F0E855E00EF6D52 /* TabbarController.m */; };
		396910BE1F0E855E00EF6D52 /* ZZPagerController.m in Sources */ = {isa = PBXBuildFile; fileRef = 396910B61F0E855E00EF6D52 /* ZZPagerController.m */; };
		396910BF1F0E855E00EF6D52 /* ZZHttpTool.m in Sources */ = {isa = PBXBuildFile; fileRef = 396910B91F0E855E00EF6D52 /* ZZHttpTool.m */; };
		396910C61F0E864200EF6D52 /* HomeRootViewController.m in Sources */ = {isa = PBXBuildFile; fileRef = 396910C51F0E864200EF6D52 /* HomeRootViewController.m */; };
		396910C91F0E86EE00EF6D52 /* HomeStoryViewController.m in Sources */ = {isa = PBXBuildFile; fileRef = 396910C81F0E86EE00EF6D52 /* HomeStoryViewController.m */; };
		396910CC1F0E870200EF6D52 /* HomeTeamViewController.m in Sources */ = {isa = PBXBuildFile; fileRef = 396910CB1F0E870200EF6D52 /* HomeTeamViewController.m */; };
		3971BC091F0E7047004016C2 /* main.m in Sources */ = {isa = PBXBuildFile; fileRef = 3971BC081F0E7047004016C2 /* main.m */; };
		3971BC0C1F0E7047004016C2 /* AppDelegate.m in Sources */ = {isa = PBXBuildFile; fileRef = 3971BC0B1F0E7047004016C2 /* AppDelegate.m */; };
		3971BC121F0E7047004016C2 /* Main.storyboard in Resources */ = {isa = PBXBuildFile; fileRef = 3971BC101F0E7047004016C2 /* Main.storyboard */; };
		3971BC141F0E7047004016C2 /* Assets.xcassets in Resources */ = {isa = PBXBuildFile; fileRef = 3971BC131F0E7047004016C2 /* Assets.xcassets */; };
		3971BC171F0E7047004016C2 /* LaunchScreen.storyboard in Resources */ = {isa = PBXBuildFile; fileRef = 3971BC151F0E7047004016C2 /* LaunchScreen.storyboard */; };
		8FADBE411F0F1A80002F5911 /* HomeFeedbackViewController.m in Sources */ = {isa = PBXBuildFile; fileRef = 8FADBE401F0F1A80002F5911 /* HomeFeedbackViewController.m */; };
		8FADBE441F0F1A92002F5911 /* HomeNewsViewController.m in Sources */ = {isa = PBXBuildFile; fileRef = 8FADBE431F0F1A92002F5911 /* HomeNewsViewController.m */; };
		8FADBE471F0F1B5A002F5911 /* ZZUrlTool.m in Sources */ = {isa = PBXBuildFile; fileRef = 8FADBE461F0F1B5A002F5911 /* ZZUrlTool.m */; };
		8FADBE4C1F0F1D81002F5911 /* HomeHeaderCell.m in Sources */ = {isa = PBXBuildFile; fileRef = 8FADBE4A1F0F1D81002F5911 /* HomeHeaderCell.m */; };
		8FADBE4D1F0F1D81002F5911 /* HomeHeaderCell.xib in Resources */ = {isa = PBXBuildFile; fileRef = 8FADBE4B1F0F1D81002F5911 /* HomeHeaderCell.xib */; };
		8FADBE501F0F28DC002F5911 /* HomeProductHeaderCell.m in Sources */ = {isa = PBXBuildFile; fileRef = 8FADBE4F1F0F28DC002F5911 /* HomeProductHeaderCell.m */; };
		8FADBE521F0F291B002F5911 /* Home.storyboard in Resources */ = {isa = PBXBuildFile; fileRef = 8FADBE511F0F291B002F5911 /* Home.storyboard */; };
		8FADBE551F0F2BA4002F5911 /* HomeProductCell.m in Sources */ = {isa = PBXBuildFile; fileRef = 8FADBE541F0F2BA4002F5911 /* HomeProductCell.m */; };
		8FADBE581F0F2C4D002F5911 /* BaseModel.m in Sources */ = {isa = PBXBuildFile; fileRef = 8FADBE571F0F2C4D002F5911 /* BaseModel.m */; };
		8FADBE5F1F0F2E6E002F5911 /* HomeHttpTool.m in Sources */ = {isa = PBXBuildFile; fileRef = 8FADBE5E1F0F2E6E002F5911 /* HomeHttpTool.m */; };
		8FADBE621F0F304F002F5911 /* ModelProductClass.m in Sources */ = {isa = PBXBuildFile; fileRef = 8FADBE611F0F304F002F5911 /* ModelProductClass.m */; };
		8FADBE661F0F361B002F5911 /* HomeProductClassCell.m in Sources */ = {isa = PBXBuildFile; fileRef = 8FADBE651F0F361B002F5911 /* HomeProductClassCell.m */; };
		8FADBE931F0F39BF002F5911 /* MKAnnotationView+WebCache.m in Sources */ = {isa = PBXBuildFile; fileRef = 8FADBE6C1F0F39BE002F5911 /* MKAnnotationView+WebCache.m */; };
		8FADBE941F0F39BF002F5911 /* NSData+ImageContentType.m in Sources */ = {isa = PBXBuildFile; fileRef = 8FADBE6E1F0F39BF002F5911 /* NSData+ImageContentType.m */; };
		8FADBE951F0F39BF002F5911 /* NSImage+WebCache.m in Sources */ = {isa = PBXBuildFile; fileRef = 8FADBE701F0F39BF002F5911 /* NSImage+WebCache.m */; };
		8FADBE961F0F39BF002F5911 /* SDImageCache.m in Sources */ = {isa = PBXBuildFile; fileRef = 8FADBE721F0F39BF002F5911 /* SDImageCache.m */; };
		8FADBE971F0F39BF002F5911 /* SDImageCacheConfig.m in Sources */ = {isa = PBXBuildFile; fileRef = 8FADBE741F0F39BF002F5911 /* SDImageCacheConfig.m */; };
		8FADBE981F0F39BF002F5911 /* SDWebImageCompat.m in Sources */ = {isa = PBXBuildFile; fileRef = 8FADBE761F0F39BF002F5911 /* SDWebImageCompat.m */; };
		8FADBE991F0F39BF002F5911 /* SDWebImageDecoder.m in Sources */ = {isa = PBXBuildFile; fileRef = 8FADBE781F0F39BF002F5911 /* SDWebImageDecoder.m */; };
		8FADBE9A1F0F39BF002F5911 /* SDWebImageDownloader.m in Sources */ = {isa = PBXBuildFile; fileRef = 8FADBE7A1F0F39BF002F5911 /* SDWebImageDownloader.m */; };
		8FADBE9B1F0F39BF002F5911 /* SDWebImageDownloaderOperation.m in Sources */ = {isa = PBXBuildFile; fileRef = 8FADBE7C1F0F39BF002F5911 /* SDWebImageDownloaderOperation.m */; };
		8FADBE9C1F0F39BF002F5911 /* SDWebImageManager.m in Sources */ = {isa = PBXBuildFile; fileRef = 8FADBE7E1F0F39BF002F5911 /* SDWebImageManager.m */; };
		8FADBE9D1F0F39BF002F5911 /* SDWebImagePrefetcher.m in Sources */ = {isa = PBXBuildFile; fileRef = 8FADBE811F0F39BF002F5911 /* SDWebImagePrefetcher.m */; };
		8FADBE9E1F0F39BF002F5911 /* UIButton+WebCache.m in Sources */ = {isa = PBXBuildFile; fileRef = 8FADBE831F0F39BF002F5911 /* UIButton+WebCache.m */; };
		8FADBE9F1F0F39BF002F5911 /* UIImage+GIF.m in Sources */ = {isa = PBXBuildFile; fileRef = 8FADBE851F0F39BF002F5911 /* UIImage+GIF.m */; };
		8FADBEA01F0F39BF002F5911 /* UIImage+MultiFormat.m in Sources */ = {isa = PBXBuildFile; fileRef = 8FADBE871F0F39BF002F5911 /* UIImage+MultiFormat.m */; };
		8FADBEA11F0F39BF002F5911 /* UIImage+WebP.m in Sources */ = {isa = PBXBuildFile; fileRef = 8FADBE891F0F39BF002F5911 /* UIImage+WebP.m */; };
		8FADBEA21F0F39BF002F5911 /* UIImageView+HighlightedWebCache.m in Sources */ = {isa = PBXBuildFile; fileRef = 8FADBE8B1F0F39BF002F5911 /* UIImageView+HighlightedWebCache.m */; };
		8FADBEA31F0F39BF002F5911 /* UIImageView+WebCache.m in Sources */ = {isa = PBXBuildFile; fileRef = 8FADBE8D1F0F39BF002F5911 /* UIImageView+WebCache.m */; };
		8FADBEAA1F0F3B62002F5911 /* UIView+WebCache.m in Sources */ = {isa = PBXBuildFile; fileRef = 8FADBEA71F0F3B62002F5911 /* UIView+WebCache.m */; };
		8FADBEAB1F0F3B62002F5911 /* UIView+WebCacheOperation.m in Sources */ = {isa = PBXBuildFile; fileRef = 8FADBEA91F0F3B62002F5911 /* UIView+WebCacheOperation.m */; };
		8FADBEAE1F0F41F5002F5911 /* HomeQAHeaderCell.m in Sources */ = {isa = PBXBuildFile; fileRef = 8FADBEAD1F0F41F5002F5911 /* HomeQAHeaderCell.m */; };
		8FADBEB11F0F4206002F5911 /* HomeQACell.m in Sources */ = {isa = PBXBuildFile; fileRef = 8FADBEB01F0F4206002F5911 /* HomeQACell.m */; };
		8FADBEB41F0F5312002F5911 /* ModelQA.m in Sources */ = {isa = PBXBuildFile; fileRef = 8FADBEB31F0F5312002F5911 /* ModelQA.m */; };
		8FADBEB81F0F5C17002F5911 /* HomeFounderHeaderCell.m in Sources */ = {isa = PBXBuildFile; fileRef = 8FADBEB71F0F5C17002F5911 /* HomeFounderHeaderCell.m */; };
		8FADBEBB1F0F5C40002F5911 /* HomeFounderCell.m in Sources */ = {isa = PBXBuildFile; fileRef = 8FADBEBA1F0F5C40002F5911 /* HomeFounderCell.m */; };
		8FADBEC61F0F6B22002F5911 /* ModelFounder.m in Sources */ = {isa = PBXBuildFile; fileRef = 8FADBEC51F0F6B22002F5911 /* ModelFounder.m */; };
		8FADBEC91F0F7E60002F5911 /* AdvertiseView.m in Sources */ = {isa = PBXBuildFile; fileRef = 8FADBEC81F0F7E60002F5911 /* AdvertiseView.m */; };
		8FADBECC1F0F86FC002F5911 /* ModelAdvs.m in Sources */ = {isa = PBXBuildFile; fileRef = 8FADBECB1F0F86FC002F5911 /* ModelAdvs.m */; };
/* End PBXBuildFile section */

/* Begin PBXFileReference section */
		396910AC1F0E855E00EF6D52 /* BaseTableViewController.h */ = {isa = PBXFileReference; fileEncoding = 4; lastKnownFileType = sourcecode.c.h; path = BaseTableViewController.h; sourceTree = "<group>"; };
		396910AD1F0E855E00EF6D52 /* BaseTableViewController.m */ = {isa = PBXFileReference; fileEncoding = 4; lastKnownFileType = sourcecode.c.objc; path = BaseTableViewController.m; sourceTree = "<group>"; };
		396910AE1F0E855E00EF6D52 /* BaseViewController.h */ = {isa = PBXFileReference; fileEncoding = 4; lastKnownFileType = sourcecode.c.h; path = BaseViewController.h; sourceTree = "<group>"; };
		396910AF1F0E855E00EF6D52 /* BaseViewController.m */ = {isa = PBXFileReference; fileEncoding = 4; lastKnownFileType = sourcecode.c.objc; path = BaseViewController.m; sourceTree = "<group>"; };
		396910B01F0E855E00EF6D52 /* NaviController.h */ = {isa = PBXFileReference; fileEncoding = 4; lastKnownFileType = sourcecode.c.h; path = NaviController.h; sourceTree = "<group>"; };
		396910B11F0E855E00EF6D52 /* NaviController.m */ = {isa = PBXFileReference; fileEncoding = 4; lastKnownFileType = sourcecode.c.objc; path = NaviController.m; sourceTree = "<group>"; };
		396910B21F0E855E00EF6D52 /* TabbarController.h */ = {isa = PBXFileReference; fileEncoding = 4; lastKnownFileType = sourcecode.c.h; path = TabbarController.h; sourceTree = "<group>"; };
		396910B31F0E855E00EF6D52 /* TabbarController.m */ = {isa = PBXFileReference; fileEncoding = 4; lastKnownFileType = sourcecode.c.objc; path = TabbarController.m; sourceTree = "<group>"; };
		396910B51F0E855E00EF6D52 /* ZZPagerController.h */ = {isa = PBXFileReference; fileEncoding = 4; lastKnownFileType = sourcecode.c.h; path = ZZPagerController.h; sourceTree = "<group>"; };
		396910B61F0E855E00EF6D52 /* ZZPagerController.m */ = {isa = PBXFileReference; fileEncoding = 4; lastKnownFileType = sourcecode.c.objc; path = ZZPagerController.m; sourceTree = "<group>"; };
		396910B81F0E855E00EF6D52 /* ZZHttpTool.h */ = {isa = PBXFileReference; fileEncoding = 4; lastKnownFileType = sourcecode.c.h; path = ZZHttpTool.h; sourceTree = "<group>"; };
		396910B91F0E855E00EF6D52 /* ZZHttpTool.m */ = {isa = PBXFileReference; fileEncoding = 4; lastKnownFileType = sourcecode.c.objc; path = ZZHttpTool.m; sourceTree = "<group>"; };
		396910C41F0E864200EF6D52 /* HomeRootViewController.h */ = {isa = PBXFileReference; fileEncoding = 4; lastKnownFileType = sourcecode.c.h; path = HomeRootViewController.h; sourceTree = "<group>"; };
		396910C51F0E864200EF6D52 /* HomeRootViewController.m */ = {isa = PBXFileReference; fileEncoding = 4; lastKnownFileType = sourcecode.c.objc; path = HomeRootViewController.m; sourceTree = "<group>"; };
		396910C71F0E86EE00EF6D52 /* HomeStoryViewController.h */ = {isa = PBXFileReference; fileEncoding = 4; lastKnownFileType = sourcecode.c.h; path = HomeStoryViewController.h; sourceTree = "<group>"; };
		396910C81F0E86EE00EF6D52 /* HomeStoryViewController.m */ = {isa = PBXFileReference; fileEncoding = 4; lastKnownFileType = sourcecode.c.objc; path = HomeStoryViewController.m; sourceTree = "<group>"; };
		396910CA1F0E870200EF6D52 /* HomeTeamViewController.h */ = {isa = PBXFileReference; fileEncoding = 4; lastKnownFileType = sourcecode.c.h; path = HomeTeamViewController.h; sourceTree = "<group>"; };
		396910CB1F0E870200EF6D52 /* HomeTeamViewController.m */ = {isa = PBXFileReference; fileEncoding = 4; lastKnownFileType = sourcecode.c.objc; path = HomeTeamViewController.m; sourceTree = "<group>"; };
		3971BC041F0E7047004016C2 /* yangsheng.app */ = {isa = PBXFileReference; explicitFileType = wrapper.application; includeInIndex = 0; path = yangsheng.app; sourceTree = BUILT_PRODUCTS_DIR; };
		3971BC081F0E7047004016C2 /* main.m */ = {isa = PBXFileReference; lastKnownFileType = sourcecode.c.objc; path = main.m; sourceTree = "<group>"; };
		3971BC0A1F0E7047004016C2 /* AppDelegate.h */ = {isa = PBXFileReference; lastKnownFileType = sourcecode.c.h; path = AppDelegate.h; sourceTree = "<group>"; };
		3971BC0B1F0E7047004016C2 /* AppDelegate.m */ = {isa = PBXFileReference; lastKnownFileType = sourcecode.c.objc; path = AppDelegate.m; sourceTree = "<group>"; };
		3971BC111F0E7047004016C2 /* Base */ = {isa = PBXFileReference; lastKnownFileType = file.storyboard; name = Base; path = Base.lproj/Main.storyboard; sourceTree = "<group>"; };
		3971BC131F0E7047004016C2 /* Assets.xcassets */ = {isa = PBXFileReference; lastKnownFileType = folder.assetcatalog; path = Assets.xcassets; sourceTree = "<group>"; };
		3971BC161F0E7047004016C2 /* Base */ = {isa = PBXFileReference; lastKnownFileType = file.storyboard; name = Base; path = Base.lproj/LaunchScreen.storyboard; sourceTree = "<group>"; };
		3971BC181F0E7047004016C2 /* Info.plist */ = {isa = PBXFileReference; lastKnownFileType = text.plist.xml; path = Info.plist; sourceTree = "<group>"; };
		3971BC2F1F0E7A07004016C2 /* PrefixHeader.pch */ = {isa = PBXFileReference; fileEncoding = 4; lastKnownFileType = sourcecode.c.h; path = PrefixHeader.pch; sourceTree = "<group>"; };
		8FADBE3F1F0F1A80002F5911 /* HomeFeedbackViewController.h */ = {isa = PBXFileReference; fileEncoding = 4; lastKnownFileType = sourcecode.c.h; path = HomeFeedbackViewController.h; sourceTree = "<group>"; };
		8FADBE401F0F1A80002F5911 /* HomeFeedbackViewController.m */ = {isa = PBXFileReference; fileEncoding = 4; lastKnownFileType = sourcecode.c.objc; path = HomeFeedbackViewController.m; sourceTree = "<group>"; };
		8FADBE421F0F1A92002F5911 /* HomeNewsViewController.h */ = {isa = PBXFileReference; fileEncoding = 4; lastKnownFileType = sourcecode.c.h; path = HomeNewsViewController.h; sourceTree = "<group>"; };
		8FADBE431F0F1A92002F5911 /* HomeNewsViewController.m */ = {isa = PBXFileReference; fileEncoding = 4; lastKnownFileType = sourcecode.c.objc; path = HomeNewsViewController.m; sourceTree = "<group>"; };
		8FADBE451F0F1B5A002F5911 /* ZZUrlTool.h */ = {isa = PBXFileReference; fileEncoding = 4; lastKnownFileType = sourcecode.c.h; path = ZZUrlTool.h; sourceTree = "<group>"; };
		8FADBE461F0F1B5A002F5911 /* ZZUrlTool.m */ = {isa = PBXFileReference; fileEncoding = 4; lastKnownFileType = sourcecode.c.objc; path = ZZUrlTool.m; sourceTree = "<group>"; };
		8FADBE491F0F1D81002F5911 /* HomeHeaderCell.h */ = {isa = PBXFileReference; fileEncoding = 4; lastKnownFileType = sourcecode.c.h; path = HomeHeaderCell.h; sourceTree = "<group>"; };
		8FADBE4A1F0F1D81002F5911 /* HomeHeaderCell.m */ = {isa = PBXFileReference; fileEncoding = 4; lastKnownFileType = sourcecode.c.objc; path = HomeHeaderCell.m; sourceTree = "<group>"; };
		8FADBE4B1F0F1D81002F5911 /* HomeHeaderCell.xib */ = {isa = PBXFileReference; fileEncoding = 4; lastKnownFileType = file.xib; path = HomeHeaderCell.xib; sourceTree = "<group>"; };
		8FADBE4E1F0F28DC002F5911 /* HomeProductHeaderCell.h */ = {isa = PBXFileReference; fileEncoding = 4; lastKnownFileType = sourcecode.c.h; path = HomeProductHeaderCell.h; sourceTree = "<group>"; };
		8FADBE4F1F0F28DC002F5911 /* HomeProductHeaderCell.m */ = {isa = PBXFileReference; fileEncoding = 4; lastKnownFileType = sourcecode.c.objc; path = HomeProductHeaderCell.m; sourceTree = "<group>"; };
		8FADBE511F0F291B002F5911 /* Home.storyboard */ = {isa = PBXFileReference; fileEncoding = 4; lastKnownFileType = file.storyboard; path = Home.storyboard; sourceTree = "<group>"; };
		8FADBE531F0F2BA4002F5911 /* HomeProductCell.h */ = {isa = PBXFileReference; fileEncoding = 4; lastKnownFileType = sourcecode.c.h; path = HomeProductCell.h; sourceTree = "<group>"; };
		8FADBE541F0F2BA4002F5911 /* HomeProductCell.m */ = {isa = PBXFileReference; fileEncoding = 4; lastKnownFileType = sourcecode.c.objc; path = HomeProductCell.m; sourceTree = "<group>"; };
		8FADBE561F0F2C4D002F5911 /* BaseModel.h */ = {isa = PBXFileReference; fileEncoding = 4; lastKnownFileType = sourcecode.c.h; path = BaseModel.h; sourceTree = "<group>"; };
		8FADBE571F0F2C4D002F5911 /* BaseModel.m */ = {isa = PBXFileReference; fileEncoding = 4; lastKnownFileType = sourcecode.c.objc; path = BaseModel.m; sourceTree = "<group>"; };
		8FADBE5D1F0F2E6E002F5911 /* HomeHttpTool.h */ = {isa = PBXFileReference; fileEncoding = 4; lastKnownFileType = sourcecode.c.h; path = HomeHttpTool.h; sourceTree = "<group>"; };
		8FADBE5E1F0F2E6E002F5911 /* HomeHttpTool.m */ = {isa = PBXFileReference; fileEncoding = 4; lastKnownFileType = sourcecode.c.objc; path = HomeHttpTool.m; sourceTree = "<group>"; };
		8FADBE601F0F304F002F5911 /* ModelProductClass.h */ = {isa = PBXFileReference; fileEncoding = 4; lastKnownFileType = sourcecode.c.h; path = ModelProductClass.h; sourceTree = "<group>"; };
		8FADBE611F0F304F002F5911 /* ModelProductClass.m */ = {isa = PBXFileReference; fileEncoding = 4; lastKnownFileType = sourcecode.c.objc; path = ModelProductClass.m; sourceTree = "<group>"; };
		8FADBE641F0F361B002F5911 /* HomeProductClassCell.h */ = {isa = PBXFileReference; fileEncoding = 4; lastKnownFileType = sourcecode.c.h; path = HomeProductClassCell.h; sourceTree = "<group>"; };
		8FADBE651F0F361B002F5911 /* HomeProductClassCell.m */ = {isa = PBXFileReference; fileEncoding = 4; lastKnownFileType = sourcecode.c.objc; path = HomeProductClassCell.m; sourceTree = "<group>"; };
		8FADBE6B1F0F39BE002F5911 /* MKAnnotationView+WebCache.h */ = {isa = PBXFileReference; fileEncoding = 4; lastKnownFileType = sourcecode.c.h; path = "MKAnnotationView+WebCache.h"; sourceTree = "<group>"; };
		8FADBE6C1F0F39BE002F5911 /* MKAnnotationView+WebCache.m */ = {isa = PBXFileReference; fileEncoding = 4; lastKnownFileType = sourcecode.c.objc; path = "MKAnnotationView+WebCache.m"; sourceTree = "<group>"; };
		8FADBE6D1F0F39BF002F5911 /* NSData+ImageContentType.h */ = {isa = PBXFileReference; fileEncoding = 4; lastKnownFileType = sourcecode.c.h; path = "NSData+ImageContentType.h"; sourceTree = "<group>"; };
		8FADBE6E1F0F39BF002F5911 /* NSData+ImageContentType.m */ = {isa = PBXFileReference; fileEncoding = 4; lastKnownFileType = sourcecode.c.objc; path = "NSData+ImageContentType.m"; sourceTree = "<group>"; };
		8FADBE6F1F0F39BF002F5911 /* NSImage+WebCache.h */ = {isa = PBXFileReference; fileEncoding = 4; lastKnownFileType = sourcecode.c.h; path = "NSImage+WebCache.h"; sourceTree = "<group>"; };
		8FADBE701F0F39BF002F5911 /* NSImage+WebCache.m */ = {isa = PBXFileReference; fileEncoding = 4; lastKnownFileType = sourcecode.c.objc; path = "NSImage+WebCache.m"; sourceTree = "<group>"; };
		8FADBE711F0F39BF002F5911 /* SDImageCache.h */ = {isa = PBXFileReference; fileEncoding = 4; lastKnownFileType = sourcecode.c.h; path = SDImageCache.h; sourceTree = "<group>"; };
		8FADBE721F0F39BF002F5911 /* SDImageCache.m */ = {isa = PBXFileReference; fileEncoding = 4; lastKnownFileType = sourcecode.c.objc; path = SDImageCache.m; sourceTree = "<group>"; };
		8FADBE731F0F39BF002F5911 /* SDImageCacheConfig.h */ = {isa = PBXFileReference; fileEncoding = 4; lastKnownFileType = sourcecode.c.h; path = SDImageCacheConfig.h; sourceTree = "<group>"; };
		8FADBE741F0F39BF002F5911 /* SDImageCacheConfig.m */ = {isa = PBXFileReference; fileEncoding = 4; lastKnownFileType = sourcecode.c.objc; path = SDImageCacheConfig.m; sourceTree = "<group>"; };
		8FADBE751F0F39BF002F5911 /* SDWebImageCompat.h */ = {isa = PBXFileReference; fileEncoding = 4; lastKnownFileType = sourcecode.c.h; path = SDWebImageCompat.h; sourceTree = "<group>"; };
		8FADBE761F0F39BF002F5911 /* SDWebImageCompat.m */ = {isa = PBXFileReference; fileEncoding = 4; lastKnownFileType = sourcecode.c.objc; path = SDWebImageCompat.m; sourceTree = "<group>"; };
		8FADBE771F0F39BF002F5911 /* SDWebImageDecoder.h */ = {isa = PBXFileReference; fileEncoding = 4; lastKnownFileType = sourcecode.c.h; path = SDWebImageDecoder.h; sourceTree = "<group>"; };
		8FADBE781F0F39BF002F5911 /* SDWebImageDecoder.m */ = {isa = PBXFileReference; fileEncoding = 4; lastKnownFileType = sourcecode.c.objc; path = SDWebImageDecoder.m; sourceTree = "<group>"; };
		8FADBE791F0F39BF002F5911 /* SDWebImageDownloader.h */ = {isa = PBXFileReference; fileEncoding = 4; lastKnownFileType = sourcecode.c.h; path = SDWebImageDownloader.h; sourceTree = "<group>"; };
		8FADBE7A1F0F39BF002F5911 /* SDWebImageDownloader.m */ = {isa = PBXFileReference; fileEncoding = 4; lastKnownFileType = sourcecode.c.objc; path = SDWebImageDownloader.m; sourceTree = "<group>"; };
		8FADBE7B1F0F39BF002F5911 /* SDWebImageDownloaderOperation.h */ = {isa = PBXFileReference; fileEncoding = 4; lastKnownFileType = sourcecode.c.h; path = SDWebImageDownloaderOperation.h; sourceTree = "<group>"; };
		8FADBE7C1F0F39BF002F5911 /* SDWebImageDownloaderOperation.m */ = {isa = PBXFileReference; fileEncoding = 4; lastKnownFileType = sourcecode.c.objc; path = SDWebImageDownloaderOperation.m; sourceTree = "<group>"; };
		8FADBE7D1F0F39BF002F5911 /* SDWebImageManager.h */ = {isa = PBXFileReference; fileEncoding = 4; lastKnownFileType = sourcecode.c.h; path = SDWebImageManager.h; sourceTree = "<group>"; };
		8FADBE7E1F0F39BF002F5911 /* SDWebImageManager.m */ = {isa = PBXFileReference; fileEncoding = 4; lastKnownFileType = sourcecode.c.objc; path = SDWebImageManager.m; sourceTree = "<group>"; };
		8FADBE7F1F0F39BF002F5911 /* SDWebImageOperation.h */ = {isa = PBXFileReference; fileEncoding = 4; lastKnownFileType = sourcecode.c.h; path = SDWebImageOperation.h; sourceTree = "<group>"; };
		8FADBE801F0F39BF002F5911 /* SDWebImagePrefetcher.h */ = {isa = PBXFileReference; fileEncoding = 4; lastKnownFileType = sourcecode.c.h; path = SDWebImagePrefetcher.h; sourceTree = "<group>"; };
		8FADBE811F0F39BF002F5911 /* SDWebImagePrefetcher.m */ = {isa = PBXFileReference; fileEncoding = 4; lastKnownFileType = sourcecode.c.objc; path = SDWebImagePrefetcher.m; sourceTree = "<group>"; };
		8FADBE821F0F39BF002F5911 /* UIButton+WebCache.h */ = {isa = PBXFileReference; fileEncoding = 4; lastKnownFileType = sourcecode.c.h; path = "UIButton+WebCache.h"; sourceTree = "<group>"; };
		8FADBE831F0F39BF002F5911 /* UIButton+WebCache.m */ = {isa = PBXFileReference; fileEncoding = 4; lastKnownFileType = sourcecode.c.objc; path = "UIButton+WebCache.m"; sourceTree = "<group>"; };
		8FADBE841F0F39BF002F5911 /* UIImage+GIF.h */ = {isa = PBXFileReference; fileEncoding = 4; lastKnownFileType = sourcecode.c.h; path = "UIImage+GIF.h"; sourceTree = "<group>"; };
		8FADBE851F0F39BF002F5911 /* UIImage+GIF.m */ = {isa = PBXFileReference; fileEncoding = 4; lastKnownFileType = sourcecode.c.objc; path = "UIImage+GIF.m"; sourceTree = "<group>"; };
		8FADBE861F0F39BF002F5911 /* UIImage+MultiFormat.h */ = {isa = PBXFileReference; fileEncoding = 4; lastKnownFileType = sourcecode.c.h; path = "UIImage+MultiFormat.h"; sourceTree = "<group>"; };
		8FADBE871F0F39BF002F5911 /* UIImage+MultiFormat.m */ = {isa = PBXFileReference; fileEncoding = 4; lastKnownFileType = sourcecode.c.objc; path = "UIImage+MultiFormat.m"; sourceTree = "<group>"; };
		8FADBE881F0F39BF002F5911 /* UIImage+WebP.h */ = {isa = PBXFileReference; fileEncoding = 4; lastKnownFileType = sourcecode.c.h; path = "UIImage+WebP.h"; sourceTree = "<group>"; };
		8FADBE891F0F39BF002F5911 /* UIImage+WebP.m */ = {isa = PBXFileReference; fileEncoding = 4; lastKnownFileType = sourcecode.c.objc; path = "UIImage+WebP.m"; sourceTree = "<group>"; };
		8FADBE8A1F0F39BF002F5911 /* UIImageView+HighlightedWebCache.h */ = {isa = PBXFileReference; fileEncoding = 4; lastKnownFileType = sourcecode.c.h; path = "UIImageView+HighlightedWebCache.h"; sourceTree = "<group>"; };
		8FADBE8B1F0F39BF002F5911 /* UIImageView+HighlightedWebCache.m */ = {isa = PBXFileReference; fileEncoding = 4; lastKnownFileType = sourcecode.c.objc; path = "UIImageView+HighlightedWebCache.m"; sourceTree = "<group>"; };
		8FADBE8C1F0F39BF002F5911 /* UIImageView+WebCache.h */ = {isa = PBXFileReference; fileEncoding = 4; lastKnownFileType = sourcecode.c.h; path = "UIImageView+WebCache.h"; sourceTree = "<group>"; };
		8FADBE8D1F0F39BF002F5911 /* UIImageView+WebCache.m */ = {isa = PBXFileReference; fileEncoding = 4; lastKnownFileType = sourcecode.c.objc; path = "UIImageView+WebCache.m"; sourceTree = "<group>"; };
		8FADBEA61F0F3B62002F5911 /* UIView+WebCache.h */ = {isa = PBXFileReference; fileEncoding = 4; lastKnownFileType = sourcecode.c.h; path = "UIView+WebCache.h"; sourceTree = "<group>"; };
		8FADBEA71F0F3B62002F5911 /* UIView+WebCache.m */ = {isa = PBXFileReference; fileEncoding = 4; lastKnownFileType = sourcecode.c.objc; path = "UIView+WebCache.m"; sourceTree = "<group>"; };
		8FADBEA81F0F3B62002F5911 /* UIView+WebCacheOperation.h */ = {isa = PBXFileReference; fileEncoding = 4; lastKnownFileType = sourcecode.c.h; path = "UIView+WebCacheOperation.h"; sourceTree = "<group>"; };
		8FADBEA91F0F3B62002F5911 /* UIView+WebCacheOperation.m */ = {isa = PBXFileReference; fileEncoding = 4; lastKnownFileType = sourcecode.c.objc; path = "UIView+WebCacheOperation.m"; sourceTree = "<group>"; };
		8FADBEAC1F0F41F5002F5911 /* HomeQAHeaderCell.h */ = {isa = PBXFileReference; fileEncoding = 4; lastKnownFileType = sourcecode.c.h; path = HomeQAHeaderCell.h; sourceTree = "<group>"; };
		8FADBEAD1F0F41F5002F5911 /* HomeQAHeaderCell.m */ = {isa = PBXFileReference; fileEncoding = 4; lastKnownFileType = sourcecode.c.objc; path = HomeQAHeaderCell.m; sourceTree = "<group>"; };
		8FADBEAF1F0F4206002F5911 /* HomeQACell.h */ = {isa = PBXFileReference; fileEncoding = 4; lastKnownFileType = sourcecode.c.h; path = HomeQACell.h; sourceTree = "<group>"; };
		8FADBEB01F0F4206002F5911 /* HomeQACell.m */ = {isa = PBXFileReference; fileEncoding = 4; lastKnownFileType = sourcecode.c.objc; path = HomeQACell.m; sourceTree = "<group>"; };
		8FADBEB21F0F5312002F5911 /* ModelQA.h */ = {isa = PBXFileReference; fileEncoding = 4; lastKnownFileType = sourcecode.c.h; path = ModelQA.h; sourceTree = "<group>"; };
		8FADBEB31F0F5312002F5911 /* ModelQA.m */ = {isa = PBXFileReference; fileEncoding = 4; lastKnownFileType = sourcecode.c.objc; path = ModelQA.m; sourceTree = "<group>"; };
		8FADBEB61F0F5C17002F5911 /* HomeFounderHeaderCell.h */ = {isa = PBXFileReference; fileEncoding = 4; lastKnownFileType = sourcecode.c.h; path = HomeFounderHeaderCell.h; sourceTree = "<group>"; };
		8FADBEB71F0F5C17002F5911 /* HomeFounderHeaderCell.m */ = {isa = PBXFileReference; fileEncoding = 4; lastKnownFileType = sourcecode.c.objc; path = HomeFounderHeaderCell.m; sourceTree = "<group>"; };
		8FADBEB91F0F5C40002F5911 /* HomeFounderCell.h */ = {isa = PBXFileReference; fileEncoding = 4; lastKnownFileType = sourcecode.c.h; path = HomeFounderCell.h; sourceTree = "<group>"; };
		8FADBEBA1F0F5C40002F5911 /* HomeFounderCell.m */ = {isa = PBXFileReference; fileEncoding = 4; lastKnownFileType = sourcecode.c.objc; path = HomeFounderCell.m; sourceTree = "<group>"; };
		8FADBEC41F0F6B22002F5911 /* ModelFounder.h */ = {isa = PBXFileReference; fileEncoding = 4; lastKnownFileType = sourcecode.c.h; path = ModelFounder.h; sourceTree = "<group>"; };
		8FADBEC51F0F6B22002F5911 /* ModelFounder.m */ = {isa = PBXFileReference; fileEncoding = 4; lastKnownFileType = sourcecode.c.objc; path = ModelFounder.m; sourceTree = "<group>"; };
		8FADBEC71F0F7E60002F5911 /* AdvertiseView.h */ = {isa = PBXFileReference; fileEncoding = 4; lastKnownFileType = sourcecode.c.h; path = AdvertiseView.h; sourceTree = "<group>"; };
		8FADBEC81F0F7E60002F5911 /* AdvertiseView.m */ = {isa = PBXFileReference; fileEncoding = 4; lastKnownFileType = sourcecode.c.objc; path = AdvertiseView.m; sourceTree = "<group>"; };
		8FADBECA1F0F86FC002F5911 /* ModelAdvs.h */ = {isa = PBXFileReference; fileEncoding = 4; lastKnownFileType = sourcecode.c.h; path = ModelAdvs.h; sourceTree = "<group>"; };
		8FADBECB1F0F86FC002F5911 /* ModelAdvs.m */ = {isa = PBXFileReference; fileEncoding = 4; lastKnownFileType = sourcecode.c.objc; path = ModelAdvs.m; sourceTree = "<group>"; };
/* End PBXFileReference section */

/* Begin PBXFrameworksBuildPhase section */
		3971BC011F0E7047004016C2 /* Frameworks */ = {
			isa = PBXFrameworksBuildPhase;
			buildActionMask = 2147483647;
			files = (
			);
			runOnlyForDeploymentPostprocessing = 0;
		};
/* End PBXFrameworksBuildPhase section */

/* Begin PBXGroup section */
		396910AA1F0E855E00EF6D52 /* classes */ = {
			isa = PBXGroup;
			children = (
				396910C31F0E85A900EF6D52 /* personal */,
				396910C21F0E859900EF6D52 /* classroom */,
				396910C11F0E858E00EF6D52 /* store */,
				396910C01F0E858500EF6D52 /* home */,
				396910AB1F0E855E00EF6D52 /* base */,
				396910B41F0E855E00EF6D52 /* custom */,
				396910B71F0E855E00EF6D52 /* tool */,
			);
			path = classes;
			sourceTree = "<group>";
		};
		396910AB1F0E855E00EF6D52 /* base */ = {
			isa = PBXGroup;
			children = (
				396910AC1F0E855E00EF6D52 /* BaseTableViewController.h */,
				396910AD1F0E855E00EF6D52 /* BaseTableViewController.m */,
				396910AE1F0E855E00EF6D52 /* BaseViewController.h */,
				396910AF1F0E855E00EF6D52 /* BaseViewController.m */,
				396910B01F0E855E00EF6D52 /* NaviController.h */,
				396910B11F0E855E00EF6D52 /* NaviController.m */,
				396910B21F0E855E00EF6D52 /* TabbarController.h */,
				396910B31F0E855E00EF6D52 /* TabbarController.m */,
				8FADBE561F0F2C4D002F5911 /* BaseModel.h */,
				8FADBE571F0F2C4D002F5911 /* BaseModel.m */,
			);
			path = base;
			sourceTree = "<group>";
		};
		396910B41F0E855E00EF6D52 /* custom */ = {
			isa = PBXGroup;
			children = (
				396910B51F0E855E00EF6D52 /* ZZPagerController.h */,
				396910B61F0E855E00EF6D52 /* ZZPagerController.m */,
			);
			path = custom;
			sourceTree = "<group>";
		};
		396910B71F0E855E00EF6D52 /* tool */ = {
			isa = PBXGroup;
			children = (
				8FADBE671F0F39BE002F5911 /* SDWebImage */,
				396910B81F0E855E00EF6D52 /* ZZHttpTool.h */,
				396910B91F0E855E00EF6D52 /* ZZHttpTool.m */,
				8FADBE451F0F1B5A002F5911 /* ZZUrlTool.h */,
				8FADBE461F0F1B5A002F5911 /* ZZUrlTool.m */,
			);
			path = tool;
			sourceTree = "<group>";
		};
		396910C01F0E858500EF6D52 /* home */ = {
			isa = PBXGroup;
			children = (
				396910C41F0E864200EF6D52 /* HomeRootViewController.h */,
				396910C51F0E864200EF6D52 /* HomeRootViewController.m */,
				396910C71F0E86EE00EF6D52 /* HomeStoryViewController.h */,
				396910C81F0E86EE00EF6D52 /* HomeStoryViewController.m */,
				396910CA1F0E870200EF6D52 /* HomeTeamViewController.h */,
				396910CB1F0E870200EF6D52 /* HomeTeamViewController.m */,
				8FADBE3F1F0F1A80002F5911 /* HomeFeedbackViewController.h */,
				8FADBE401F0F1A80002F5911 /* HomeFeedbackViewController.m */,
				8FADBE421F0F1A92002F5911 /* HomeNewsViewController.h */,
				8FADBE431F0F1A92002F5911 /* HomeNewsViewController.m */,
				8FADBE511F0F291B002F5911 /* Home.storyboard */,
				8FADBE5D1F0F2E6E002F5911 /* HomeHttpTool.h */,
				8FADBE5E1F0F2E6E002F5911 /* HomeHttpTool.m */,
				8FADBE481F0F1C89002F5911 /* view */,
			);
			path = home;
			sourceTree = "<group>";
		};
		396910C11F0E858E00EF6D52 /* store */ = {
			isa = PBXGroup;
			children = (
			);
			path = store;
			sourceTree = "<group>";
		};
		396910C21F0E859900EF6D52 /* classroom */ = {
			isa = PBXGroup;
			children = (
			);
			path = classroom;
			sourceTree = "<group>";
		};
		396910C31F0E85A900EF6D52 /* personal */ = {
			isa = PBXGroup;
			children = (
			);
			path = personal;
			sourceTree = "<group>";
		};
		3971BBFB1F0E7047004016C2 = {
			isa = PBXGroup;
			children = (
				3971BC061F0E7047004016C2 /* yangsheng */,
				3971BC051F0E7047004016C2 /* Products */,
			);
			sourceTree = "<group>";
		};
		3971BC051F0E7047004016C2 /* Products */ = {
			isa = PBXGroup;
			children = (
				3971BC041F0E7047004016C2 /* yangsheng.app */,
			);
			name = Products;
			sourceTree = "<group>";
		};
		3971BC061F0E7047004016C2 /* yangsheng */ = {
			isa = PBXGroup;
			children = (
				396910AA1F0E855E00EF6D52 /* classes */,
				3971BC2F1F0E7A07004016C2 /* PrefixHeader.pch */,
				3971BC081F0E7047004016C2 /* main.m */,
				3971BC0A1F0E7047004016C2 /* AppDelegate.h */,
				3971BC0B1F0E7047004016C2 /* AppDelegate.m */,
				3971BC101F0E7047004016C2 /* Main.storyboard */,
				3971BC131F0E7047004016C2 /* Assets.xcassets */,
				3971BC151F0E7047004016C2 /* LaunchScreen.storyboard */,
				3971BC181F0E7047004016C2 /* Info.plist */,
			);
			path = yangsheng;
			sourceTree = "<group>";
		};
		8FADBE481F0F1C89002F5911 /* view */ = {
			isa = PBXGroup;
			children = (
				8FADBEB51F0F531E002F5911 /* model */,
				8FADBE491F0F1D81002F5911 /* HomeHeaderCell.h */,
				8FADBE4A1F0F1D81002F5911 /* HomeHeaderCell.m */,
				8FADBE4B1F0F1D81002F5911 /* HomeHeaderCell.xib */,
				8FADBE4E1F0F28DC002F5911 /* HomeProductHeaderCell.h */,
				8FADBE4F1F0F28DC002F5911 /* HomeProductHeaderCell.m */,
				8FADBE531F0F2BA4002F5911 /* HomeProductCell.h */,
				8FADBE541F0F2BA4002F5911 /* HomeProductCell.m */,
				8FADBE641F0F361B002F5911 /* HomeProductClassCell.h */,
				8FADBE651F0F361B002F5911 /* HomeProductClassCell.m */,
				8FADBEAC1F0F41F5002F5911 /* HomeQAHeaderCell.h */,
				8FADBEAD1F0F41F5002F5911 /* HomeQAHeaderCell.m */,
				8FADBEAF1F0F4206002F5911 /* HomeQACell.h */,
				8FADBEB01F0F4206002F5911 /* HomeQACell.m */,
				8FADBEB61F0F5C17002F5911 /* HomeFounderHeaderCell.h */,
				8FADBEB71F0F5C17002F5911 /* HomeFounderHeaderCell.m */,
				8FADBEB91F0F5C40002F5911 /* HomeFounderCell.h */,
				8FADBEBA1F0F5C40002F5911 /* HomeFounderCell.m */,
				8FADBEC71F0F7E60002F5911 /* AdvertiseView.h */,
				8FADBEC81F0F7E60002F5911 /* AdvertiseView.m */,
			);
			path = view;
			sourceTree = "<group>";
		};
		8FADBE671F0F39BE002F5911 /* SDWebImage */ = {
			isa = PBXGroup;
			children = (
				8FADBE6B1F0F39BE002F5911 /* MKAnnotationView+WebCache.h */,
				8FADBE6C1F0F39BE002F5911 /* MKAnnotationView+WebCache.m */,
				8FADBE6D1F0F39BF002F5911 /* NSData+ImageContentType.h */,
				8FADBE6E1F0F39BF002F5911 /* NSData+ImageContentType.m */,
				8FADBE6F1F0F39BF002F5911 /* NSImage+WebCache.h */,
				8FADBE701F0F39BF002F5911 /* NSImage+WebCache.m */,
				8FADBE711F0F39BF002F5911 /* SDImageCache.h */,
				8FADBE721F0F39BF002F5911 /* SDImageCache.m */,
				8FADBE731F0F39BF002F5911 /* SDImageCacheConfig.h */,
				8FADBE741F0F39BF002F5911 /* SDImageCacheConfig.m */,
				8FADBE751F0F39BF002F5911 /* SDWebImageCompat.h */,
				8FADBE761F0F39BF002F5911 /* SDWebImageCompat.m */,
				8FADBE771F0F39BF002F5911 /* SDWebImageDecoder.h */,
				8FADBE781F0F39BF002F5911 /* SDWebImageDecoder.m */,
				8FADBE791F0F39BF002F5911 /* SDWebImageDownloader.h */,
				8FADBE7A1F0F39BF002F5911 /* SDWebImageDownloader.m */,
				8FADBE7B1F0F39BF002F5911 /* SDWebImageDownloaderOperation.h */,
				8FADBE7C1F0F39BF002F5911 /* SDWebImageDownloaderOperation.m */,
				8FADBE7D1F0F39BF002F5911 /* SDWebImageManager.h */,
				8FADBE7E1F0F39BF002F5911 /* SDWebImageManager.m */,
				8FADBE7F1F0F39BF002F5911 /* SDWebImageOperation.h */,
				8FADBE801F0F39BF002F5911 /* SDWebImagePrefetcher.h */,
				8FADBE811F0F39BF002F5911 /* SDWebImagePrefetcher.m */,
				8FADBE821F0F39BF002F5911 /* UIButton+WebCache.h */,
				8FADBE831F0F39BF002F5911 /* UIButton+WebCache.m */,
				8FADBE841F0F39BF002F5911 /* UIImage+GIF.h */,
				8FADBE851F0F39BF002F5911 /* UIImage+GIF.m */,
				8FADBE861F0F39BF002F5911 /* UIImage+MultiFormat.h */,
				8FADBE871F0F39BF002F5911 /* UIImage+MultiFormat.m */,
				8FADBE881F0F39BF002F5911 /* UIImage+WebP.h */,
				8FADBE891F0F39BF002F5911 /* UIImage+WebP.m */,
				8FADBE8A1F0F39BF002F5911 /* UIImageView+HighlightedWebCache.h */,
				8FADBE8B1F0F39BF002F5911 /* UIImageView+HighlightedWebCache.m */,
				8FADBE8C1F0F39BF002F5911 /* UIImageView+WebCache.h */,
				8FADBE8D1F0F39BF002F5911 /* UIImageView+WebCache.m */,
				8FADBEA61F0F3B62002F5911 /* UIView+WebCache.h */,
				8FADBEA71F0F3B62002F5911 /* UIView+WebCache.m */,
				8FADBEA81F0F3B62002F5911 /* UIView+WebCacheOperation.h */,
				8FADBEA91F0F3B62002F5911 /* UIView+WebCacheOperation.m */,
			);
			path = SDWebImage;
			sourceTree = "<group>";
		};
		8FADBEB51F0F531E002F5911 /* model */ = {
			isa = PBXGroup;
			children = (
				8FADBE601F0F304F002F5911 /* ModelProductClass.h */,
				8FADBE611F0F304F002F5911 /* ModelProductClass.m */,
				8FADBEB21F0F5312002F5911 /* ModelQA.h */,
				8FADBEB31F0F5312002F5911 /* ModelQA.m */,
				8FADBEC41F0F6B22002F5911 /* ModelFounder.h */,
				8FADBEC51F0F6B22002F5911 /* ModelFounder.m */,
				8FADBECA1F0F86FC002F5911 /* ModelAdvs.h */,
				8FADBECB1F0F86FC002F5911 /* ModelAdvs.m */,
			);
			name = model;
			sourceTree = "<group>";
		};
/* End PBXGroup section */

/* Begin PBXNativeTarget section */
		3971BC031F0E7047004016C2 /* yangsheng */ = {
			isa = PBXNativeTarget;
			buildConfigurationList = 3971BC1B1F0E7047004016C2 /* Build configuration list for PBXNativeTarget "yangsheng" */;
			buildPhases = (
				3971BC001F0E7047004016C2 /* Sources */,
				3971BC011F0E7047004016C2 /* Frameworks */,
				3971BC021F0E7047004016C2 /* Resources */,
			);
			buildRules = (
			);
			dependencies = (
			);
			name = yangsheng;
			productName = yangsheng;
			productReference = 3971BC041F0E7047004016C2 /* yangsheng.app */;
			productType = "com.apple.product-type.application";
		};
/* End PBXNativeTarget section */

/* Begin PBXProject section */
		3971BBFC1F0E7047004016C2 /* Project object */ = {
			isa = PBXProject;
			attributes = {
				LastUpgradeCheck = 0720;
				ORGANIZATIONNAME = jam;
				TargetAttributes = {
					3971BC031F0E7047004016C2 = {
						CreatedOnToolsVersion = 7.2.1;
						DevelopmentTeam = 4NU738LHQ7;
					};
				};
			};
			buildConfigurationList = 3971BBFF1F0E7047004016C2 /* Build configuration list for PBXProject "yangsheng" */;
			compatibilityVersion = "Xcode 3.2";
			developmentRegion = English;
			hasScannedForEncodings = 0;
			knownRegions = (
				en,
				Base,
			);
			mainGroup = 3971BBFB1F0E7047004016C2;
			productRefGroup = 3971BC051F0E7047004016C2 /* Products */;
			projectDirPath = "";
			projectRoot = "";
			targets = (
				3971BC031F0E7047004016C2 /* yangsheng */,
			);
		};
/* End PBXProject section */

/* Begin PBXResourcesBuildPhase section */
		3971BC021F0E7047004016C2 /* Resources */ = {
			isa = PBXResourcesBuildPhase;
			buildActionMask = 2147483647;
			files = (
				8FADBE4D1F0F1D81002F5911 /* HomeHeaderCell.xib in Resources */,
				8FADBE521F0F291B002F5911 /* Home.storyboard in Resources */,
				3971BC171F0E7047004016C2 /* LaunchScreen.storyboard in Resources */,
				3971BC141F0E7047004016C2 /* Assets.xcassets in Resources */,
				3971BC121F0E7047004016C2 /* Main.storyboard in Resources */,
			);
			runOnlyForDeploymentPostprocessing = 0;
		};
/* End PBXResourcesBuildPhase section */

/* Begin PBXSourcesBuildPhase section */
		3971BC001F0E7047004016C2 /* Sources */ = {
			isa = PBXSourcesBuildPhase;
			buildActionMask = 2147483647;
			files = (
				8FADBE581F0F2C4D002F5911 /* BaseModel.m in Sources */,
				8FADBE9E1F0F39BF002F5911 /* UIButton+WebCache.m in Sources */,
				8FADBE9C1F0F39BF002F5911 /* SDWebImageManager.m in Sources */,
				8FADBEB81F0F5C17002F5911 /* HomeFounderHeaderCell.m in Sources */,
				8FADBE441F0F1A92002F5911 /* HomeNewsViewController.m in Sources */,
				396910C61F0E864200EF6D52 /* HomeRootViewController.m in Sources */,
				3971BC0C1F0E7047004016C2 /* AppDelegate.m in Sources */,
				8FADBE9A1F0F39BF002F5911 /* SDWebImageDownloader.m in Sources */,
				8FADBE471F0F1B5A002F5911 /* ZZUrlTool.m in Sources */,
				8FADBE981F0F39BF002F5911 /* SDWebImageCompat.m in Sources */,
				396910BF1F0E855E00EF6D52 /* ZZHttpTool.m in Sources */,
				8FADBE551F0F2BA4002F5911 /* HomeProductCell.m in Sources */,
				8FADBE501F0F28DC002F5911 /* HomeProductHeaderCell.m in Sources */,
				8FADBEAB1F0F3B62002F5911 /* UIView+WebCacheOperation.m in Sources */,
				8FADBE5F1F0F2E6E002F5911 /* HomeHttpTool.m in Sources */,
				396910BB1F0E855E00EF6D52 /* BaseViewController.m in Sources */,
				8FADBEC91F0F7E60002F5911 /* AdvertiseView.m in Sources */,
				8FADBEA31F0F39BF002F5911 /* UIImageView+WebCache.m in Sources */,
				8FADBEA11F0F39BF002F5911 /* UIImage+WebP.m in Sources */,
				8FADBE971F0F39BF002F5911 /* SDImageCacheConfig.m in Sources */,
				8FADBE941F0F39BF002F5911 /* NSData+ImageContentType.m in Sources */,
				8FADBECC1F0F86FC002F5911 /* ModelAdvs.m in Sources */,
				8FADBEA01F0F39BF002F5911 /* UIImage+MultiFormat.m in Sources */,
				8FADBE9B1F0F39BF002F5911 /* SDWebImageDownloaderOperation.m in Sources */,
				8FADBEBB1F0F5C40002F5911 /* HomeFounderCell.m in Sources */,
				396910BA1F0E855E00EF6D52 /* BaseTableViewController.m in Sources */,
				8FADBEA21F0F39BF002F5911 /* UIImageView+HighlightedWebCache.m in Sources */,
				8FADBE661F0F361B002F5911 /* HomeProductClassCell.m in Sources */,
				396910BE1F0E855E00EF6D52 /* ZZPagerController.m in Sources */,
				3971BC091F0E7047004016C2 /* main.m in Sources */,
				396910BC1F0E855E00EF6D52 /* NaviController.m in Sources */,
				8FADBE411F0F1A80002F5911 /* HomeFeedbackViewController.m in Sources */,
				8FADBE931F0F39BF002F5911 /* MKAnnotationView+WebCache.m in Sources */,
				8FADBE951F0F39BF002F5911 /* NSImage+WebCache.m in Sources */,
				8FADBEAA1F0F3B62002F5911 /* UIView+WebCache.m in Sources */,
				8FADBE991F0F39BF002F5911 /* SDWebImageDecoder.m in Sources */,
				396910BD1F0E855E00EF6D52 /* TabbarController.m in Sources */,
				396910CC1F0E870200EF6D52 /* HomeTeamViewController.m in Sources */,
				396910C91F0E86EE00EF6D52 /* HomeStoryViewController.m in Sources */,
				8FADBE961F0F39BF002F5911 /* SDImageCache.m in Sources */,
				8FADBEAE1F0F41F5002F5911 /* HomeQAHeaderCell.m in Sources */,
				8FADBEC61F0F6B22002F5911 /* ModelFounder.m in Sources */,
				8FADBE9D1F0F39BF002F5911 /* SDWebImagePrefetcher.m in Sources */,
				8FADBE621F0F304F002F5911 /* ModelProductClass.m in Sources */,
				8FADBE9F1F0F39BF002F5911 /* UIImage+GIF.m in Sources */,
				8FADBEB11F0F4206002F5911 /* HomeQACell.m in Sources */,
				8FADBEB41F0F5312002F5911 /* ModelQA.m in Sources */,
				8FADBE4C1F0F1D81002F5911 /* HomeHeaderCell.m in Sources */,
			);
			runOnlyForDeploymentPostprocessing = 0;
		};
/* End PBXSourcesBuildPhase section */

/* Begin PBXVariantGroup section */
		3971BC101F0E7047004016C2 /* Main.storyboard */ = {
			isa = PBXVariantGroup;
			children = (
				3971BC111F0E7047004016C2 /* Base */,
			);
			name = Main.storyboard;
			sourceTree = "<group>";
		};
		3971BC151F0E7047004016C2 /* LaunchScreen.storyboard */ = {
			isa = PBXVariantGroup;
			children = (
				3971BC161F0E7047004016C2 /* Base */,
			);
			name = LaunchScreen.storyboard;
			sourceTree = "<group>";
		};
/* End PBXVariantGroup section */

/* Begin XCBuildConfiguration section */
		3971BC191F0E7047004016C2 /* Debug */ = {
			isa = XCBuildConfiguration;
			buildSettings = {
				ALWAYS_SEARCH_USER_PATHS = NO;
				CLANG_CXX_LANGUAGE_STANDARD = "gnu++0x";
				CLANG_CXX_LIBRARY = "libc++";
				CLANG_ENABLE_MODULES = YES;
				CLANG_ENABLE_OBJC_ARC = YES;
				CLANG_WARN_BOOL_CONVERSION = YES;
				CLANG_WARN_CONSTANT_CONVERSION = YES;
				CLANG_WARN_DIRECT_OBJC_ISA_USAGE = YES_ERROR;
				CLANG_WARN_EMPTY_BODY = YES;
				CLANG_WARN_ENUM_CONVERSION = YES;
				CLANG_WARN_INT_CONVERSION = YES;
				CLANG_WARN_OBJC_ROOT_CLASS = YES_ERROR;
				CLANG_WARN_UNREACHABLE_CODE = YES;
				CLANG_WARN__DUPLICATE_METHOD_MATCH = YES;
				"CODE_SIGN_IDENTITY[sdk=iphoneos*]" = "iPhone Developer";
				COPY_PHASE_STRIP = NO;
				DEBUG_INFORMATION_FORMAT = dwarf;
				ENABLE_STRICT_OBJC_MSGSEND = YES;
				ENABLE_TESTABILITY = YES;
				GCC_C_LANGUAGE_STANDARD = gnu99;
				GCC_DYNAMIC_NO_PIC = NO;
				GCC_NO_COMMON_BLOCKS = YES;
				GCC_OPTIMIZATION_LEVEL = 0;
				GCC_PREPROCESSOR_DEFINITIONS = (
					"DEBUG=1",
					"$(inherited)",
				);
				GCC_WARN_64_TO_32_BIT_CONVERSION = YES;
				GCC_WARN_ABOUT_RETURN_TYPE = YES_ERROR;
				GCC_WARN_UNDECLARED_SELECTOR = YES;
				GCC_WARN_UNINITIALIZED_AUTOS = YES_AGGRESSIVE;
				GCC_WARN_UNUSED_FUNCTION = YES;
				GCC_WARN_UNUSED_VARIABLE = YES;
				IPHONEOS_DEPLOYMENT_TARGET = 9.2;
				MTL_ENABLE_DEBUG_INFO = YES;
				ONLY_ACTIVE_ARCH = YES;
				SDKROOT = iphoneos;
			};
			name = Debug;
		};
		3971BC1A1F0E7047004016C2 /* Release */ = {
			isa = XCBuildConfiguration;
			buildSettings = {
				ALWAYS_SEARCH_USER_PATHS = NO;
				CLANG_CXX_LANGUAGE_STANDARD = "gnu++0x";
				CLANG_CXX_LIBRARY = "libc++";
				CLANG_ENABLE_MODULES = YES;
				CLANG_ENABLE_OBJC_ARC = YES;
				CLANG_WARN_BOOL_CONVERSION = YES;
				CLANG_WARN_CONSTANT_CONVERSION = YES;
				CLANG_WARN_DIRECT_OBJC_ISA_USAGE = YES_ERROR;
				CLANG_WARN_EMPTY_BODY = YES;
				CLANG_WARN_ENUM_CONVERSION = YES;
				CLANG_WARN_INT_CONVERSION = YES;
				CLANG_WARN_OBJC_ROOT_CLASS = YES_ERROR;
				CLANG_WARN_UNREACHABLE_CODE = YES;
				CLANG_WARN__DUPLICATE_METHOD_MATCH = YES;
				"CODE_SIGN_IDENTITY[sdk=iphoneos*]" = "iPhone Developer";
				COPY_PHASE_STRIP = NO;
				DEBUG_INFORMATION_FORMAT = "dwarf-with-dsym";
				ENABLE_NS_ASSERTIONS = NO;
				ENABLE_STRICT_OBJC_MSGSEND = YES;
				GCC_C_LANGUAGE_STANDARD = gnu99;
				GCC_NO_COMMON_BLOCKS = YES;
				GCC_WARN_64_TO_32_BIT_CONVERSION = YES;
				GCC_WARN_ABOUT_RETURN_TYPE = YES_ERROR;
				GCC_WARN_UNDECLARED_SELECTOR = YES;
				GCC_WARN_UNINITIALIZED_AUTOS = YES_AGGRESSIVE;
				GCC_WARN_UNUSED_FUNCTION = YES;
				GCC_WARN_UNUSED_VARIABLE = YES;
				IPHONEOS_DEPLOYMENT_TARGET = 9.2;
				MTL_ENABLE_DEBUG_INFO = NO;
				SDKROOT = iphoneos;
				VALIDATE_PRODUCT = YES;
			};
			name = Release;
		};
		3971BC1C1F0E7047004016C2 /* Debug */ = {
			isa = XCBuildConfiguration;
			buildSettings = {
				ASSETCATALOG_COMPILER_APPICON_NAME = AppIcon;
				CODE_SIGN_IDENTITY = "iPhone Developer";
				"CODE_SIGN_IDENTITY[sdk=iphoneos*]" = "iPhone Developer";
				GCC_PRECOMPILE_PREFIX_HEADER = YES;
				GCC_PREFIX_HEADER = "$(SRCROOT)/yangsheng/PrefixHeader.pch";
				INFOPLIST_FILE = yangsheng/Info.plist;
				IPHONEOS_DEPLOYMENT_TARGET = 8.0;
				LD_RUNPATH_SEARCH_PATHS = "$(inherited) @executable_path/Frameworks";
				PRODUCT_BUNDLE_IDENTIFIER = com.bangju.yangsheng;
				PRODUCT_NAME = "$(TARGET_NAME)";
				PROVISIONING_PROFILE = "";
			};
			name = Debug;
		};
		3971BC1D1F0E7047004016C2 /* Release */ = {
			isa = XCBuildConfiguration;
			buildSettings = {
				ASSETCATALOG_COMPILER_APPICON_NAME = AppIcon;
				CODE_SIGN_IDENTITY = "iPhone Developer";
				"CODE_SIGN_IDENTITY[sdk=iphoneos*]" = "iPhone Developer";
				GCC_PRECOMPILE_PREFIX_HEADER = YES;
				GCC_PREFIX_HEADER = "$(SRCROOT)/yangsheng/PrefixHeader.pch";
				INFOPLIST_FILE = yangsheng/Info.plist;
				IPHONEOS_DEPLOYMENT_TARGET = 8.0;
				LD_RUNPATH_SEARCH_PATHS = "$(inherited) @executable_path/Frameworks";
				PRODUCT_BUNDLE_IDENTIFIER = com.bangju.yangsheng;
				PRODUCT_NAME = "$(TARGET_NAME)";
				PROVISIONING_PROFILE = "";
			};
			name = Release;
		};
/* End XCBuildConfiguration section */

/* Begin XCConfigurationList section */
		3971BBFF1F0E7047004016C2 /* Build configuration list for PBXProject "yangsheng" */ = {
			isa = XCConfigurationList;
			buildConfigurations = (
				3971BC191F0E7047004016C2 /* Debug */,
				3971BC1A1F0E7047004016C2 /* Release */,
			);
			defaultConfigurationIsVisible = 0;
			defaultConfigurationName = Release;
		};
		3971BC1B1F0E7047004016C2 /* Build configuration list for PBXNativeTarget "yangsheng" */ = {
			isa = XCConfigurationList;
			buildConfigurations = (
				3971BC1C1F0E7047004016C2 /* Debug */,
				3971BC1D1F0E7047004016C2 /* Release */,
			);
			defaultConfigurationIsVisible = 0;
			defaultConfigurationName = Release;
		};
/* End XCConfigurationList section */
	};
	rootObject = 3971BBFC1F0E7047004016C2 /* Project object */;
}
